
Microsoft Visual Studio Solution File, Format Version 12.00
# Visual Studio 2012
Project("{FAE04EC0-301F-11D3-BF4B-00C04F79EFBC}") = "Calliope.Basket", "Calliope.Basket\Calliope.Basket.csproj", "{CF66164C-A850-44EB-A16A-B0A15AA8257F}"
EndProject
Global
	GlobalSection(SolutionConfigurationPlatforms) = preSolution
		Debug|Any CPU = Debug|Any CPU
		Release|Any CPU = Release|Any CPU
	EndGlobalSection
	GlobalSection(ProjectConfigurationPlatforms) = postSolution
		{CF66164C-A850-44EB-A16A-B0A15AA8257F}.Debug|Any CPU.ActiveCfg = Debug|Any CPU
		{CF66164C-A850-44EB-A16A-B0A15AA8257F}.Debug|Any CPU.Build.0 = Debug|Any CPU
		{CF66164C-A850-44EB-A16A-B0A15AA8257F}.Release|Any CPU.ActiveCfg = Release|Any CPU
		{CF66164C-A850-44EB-A16A-B0A15AA8257F}.Release|Any CPU.Build.0 = Release|Any CPU
	EndGlobalSection
	GlobalSection(SolutionProperties) = preSolution
		HideSolutionNode = FALSE
	EndGlobalSection
EndGlobal
